
Microsoft Visual Studio Solution File, Format Version 12.00
# Visual Studio Version 17
VisualStudioVersion = 17.9.34616.47
MinimumVisualStudioVersion = 10.0.40219.1
Project("{8BC9CEB8-8B4A-11D0-8D11-00A0C91BC942}") = "game_over", "game_over\game_over.vcxproj", "{5046E85D-6E25-4064-90D9-0D2247DF243E}"
EndProject
Project("{8BC9CEB8-8B4A-11D0-8D11-00A0C91BC942}") = "game_over_2_0", "game_over_2_0\game_over_2_0.vcxproj", "{2036E5F8-58B2-4AF8-A972-A1EF881F21ED}"
EndProject
Project("{8BC9CEB8-8B4A-11D0-8D11-00A0C91BC942}") = "game_over_3_0", "game_over_3_0\game_over_3_0.vcxproj", "{2E4B5061-BF38-4020-84F0-6B388B622A3C}"
EndProject
Project("{8BC9CEB8-8B4A-11D0-8D11-00A0C91BC942}") = "expensive_calculator", "expensive_calculator\expensive_calculator.vcxproj", "{A52892EB-2E08-442A-A373-EDC1A9125544}"
EndProject
Project("{8BC9CEB8-8B4A-11D0-8D11-00A0C91BC942}") = "game_stats", "game_stats\game_stats.vcxproj", "{A108A180-D3A9-46C8-A9FC-062CB0A8621F}"
EndProject
Project("{8BC9CEB8-8B4A-11D0-8D11-00A0C91BC942}") = "game_stats_2_0", "game_stats_2_0\game_stats_2_0.vcxproj", "{68A2B896-53DF-41C2-AAB5-72EA7EFDF638}"
EndProject
Project("{8BC9CEB8-8B4A-11D0-8D11-00A0C91BC942}") = "game_stats_3_0", "game_stats_3_0\game_stats_3_0.vcxproj", "{7EB00F1E-E4E5-4F6B-97F7-D7FA610C664D}"
EndProject
Project("{8BC9CEB8-8B4A-11D0-8D11-00A0C91BC942}") = "lost_fortune", "lost_fortune\lost_fortune.vcxproj", "{8784BAC2-619C-4307-A821-CE4D8869E495}"
EndProject
Project("{8BC9CEB8-8B4A-11D0-8D11-00A0C91BC942}") = "score_rater", "score_rater\score_rater.vcxproj", "{D98E3B01-6A6B-4BF0-A28A-9D6515F93DDF}"
EndProject
Project("{8BC9CEB8-8B4A-11D0-8D11-00A0C91BC942}") = "score_rater2", "score_rater2\score_rater2.vcxproj", "{95B48FEF-AA27-4CB5-B15C-9A05D5A631E8}"
EndProject
Project("{8BC9CEB8-8B4A-11D0-8D11-00A0C91BC942}") = "score_rater3", "score_rater3\score_rater3.vcxproj", "{5FCD1E4E-5947-496A-BE04-6EC803547178}"
EndProject
Project("{8BC9CEB8-8B4A-11D0-8D11-00A0C91BC942}") = "menu_chooser", "menu_chooser\menu_chooser.vcxproj", "{530C76E1-FBAA-4937-A1A9-25B1C6A5D303}"
EndProject
Project("{8BC9CEB8-8B4A-11D0-8D11-00A0C91BC942}") = "play_again", "play_again\play_again.vcxproj", "{31E68411-66D7-4B3F-B8DE-1709332CE870}"
EndProject
Project("{8BC9CEB8-8B4A-11D0-8D11-00A0C91BC942}") = "play_again2", "play_again2\play_again2.vcxproj", "{C6D13245-850B-4F38-9C65-9600910D2A86}"
EndProject
Project("{8BC9CEB8-8B4A-11D0-8D11-00A0C91BC942}") = "finicky_counter", "finicky_counter\finicky_counter.vcxproj", "{60CCC4F9-3342-4E84-9109-A30507A00782}"
EndProject
Project("{8BC9CEB8-8B4A-11D0-8D11-00A0C91BC942}") = "designers_network", "designers_network\designers_network.vcxproj", "{8F5B9A60-6FDF-4144-9CC8-4E5BDBEA4534}"
EndProject
Project("{8BC9CEB8-8B4A-11D0-8D11-00A0C91BC942}") = "die_roller", "die_roller\die_roller.vcxproj", "{88CB9C72-DC0F-4ED1-88BA-80FD41A9B15D}"
EndProject
Project("{8BC9CEB8-8B4A-11D0-8D11-00A0C91BC942}") = "guess_my_number", "guess_my_number\guess_my_number.vcxproj", "{E5705C44-FBF2-4EF5-9239-AE43F919703D}"
EndProject
Project("{8BC9CEB8-8B4A-11D0-8D11-00A0C91BC942}") = "exercises_chapter_2", "exercises_chapter_2\exercises_chapter_2.vcxproj", "{FB69E328-BBC9-434F-9F08-C7562272C05A}"
EndProject
Project("{8BC9CEB8-8B4A-11D0-8D11-00A0C91BC942}") = "counter", "counter\counter.vcxproj", "{187A11BA-DC7E-48EB-AF0C-CB9E51EE80E6}"
EndProject
Project("{8BC9CEB8-8B4A-11D0-8D11-00A0C91BC942}") = "string_tester", "string_tester\string_tester.vcxproj", "{65053484-B8DD-44E6-B7D4-A48F40678198}"
EndProject
Project("{8BC9CEB8-8B4A-11D0-8D11-00A0C91BC942}") = "heros_inventory", "heros_inventory\heros_inventory.vcxproj", "{49D31EB0-6B1E-42B2-817E-4EF829233474}"
EndProject
Project("{8BC9CEB8-8B4A-11D0-8D11-00A0C91BC942}") = "tic-tac-toe_board", "tic-tac-toe_board\tic-tac-toe_board.vcxproj", "{8EBF815E-9CC0-4A20-A3B5-88223997514F}"
EndProject
Project("{8BC9CEB8-8B4A-11D0-8D11-00A0C91BC942}") = "word_jumble", "word_jumble\word_jumble.vcxproj", "{DB180406-EF05-484D-9B5E-AA32F9C435CD}"
EndProject
Project("{8BC9CEB8-8B4A-11D0-8D11-00A0C91BC942}") = "exercises_chapter_3", "exercises_chapter_3\exercises_chapter_3.vcxproj", "{407570B1-EF30-4A9B-98C2-3FFA0AAF5EE9}"
EndProject
Project("{8BC9CEB8-8B4A-11D0-8D11-00A0C91BC942}") = "heros_inventory2", "heros_inventory2\heros_inventory2.vcxproj", "{CC33C060-F6F0-4DD9-A856-2843B761F046}"
EndProject
Project("{8BC9CEB8-8B4A-11D0-8D11-00A0C91BC942}") = "heros_inventory3", "heros_inventory3\heros_inventory3.vcxproj", "{5DE7D6BE-9B0A-4BE7-BE68-3301F1F989C0}"
EndProject
Project("{8BC9CEB8-8B4A-11D0-8D11-00A0C91BC942}") = "high_scores", "high_scores\high_scores.vcxproj", "{A90EE88E-795F-4498-AEFD-9B90F120CF76}"
EndProject
Project("{8BC9CEB8-8B4A-11D0-8D11-00A0C91BC942}") = "hangman", "hangman\hangman.vcxproj", "{C0C12396-4218-460F-9022-24E9C4ED68B0}"
EndProject
Project("{8BC9CEB8-8B4A-11D0-8D11-00A0C91BC942}") = "exercises_chapter_4", "exercises_chapter_4\exercises_chapter_4.vcxproj", "{267B11D2-A4FE-4A19-8A47-1E91043F008E}"
EndProject
Project("{8BC9CEB8-8B4A-11D0-8D11-00A0C91BC942}") = "instructions", "instructions\instructions.vcxproj", "{E3C9E260-2942-4BF4-9D3A-C7EFF37183D9}"
EndProject
Project("{8BC9CEB8-8B4A-11D0-8D11-00A0C91BC942}") = "yes_or_no", "yes_or_no\yes_or_no.vcxproj", "{BA9F26F6-0D71-42AE-8F31-A01658724EC5}"
EndProject
Project("{2150E333-8FDC-42A3-9474-1A3956D46DE8}") = "Chapter 5", "Chapter 5", "{5C98DF23-BAA7-46F5-B5A0-78697DBF9FF6}"
EndProject
Project("{8BC9CEB8-8B4A-11D0-8D11-00A0C91BC942}") = "scoping", "scoping\scoping.vcxproj", "{D306A11E-991C-4209-B677-22C890194976}"
EndProject
Project("{8BC9CEB8-8B4A-11D0-8D11-00A0C91BC942}") = "global_reach", "global_reach\global_reach.vcxproj", "{1EF66109-D0F7-4F1E-A093-7BF2B8A6B926}"
EndProject
Project("{8BC9CEB8-8B4A-11D0-8D11-00A0C91BC942}") = "give_me_a_number", "give_me_a_number\give_me_a_number.vcxproj", "{7C4B1148-A1A1-4AF7-9F62-AC353800EB94}"
EndProject
Project("{8BC9CEB8-8B4A-11D0-8D11-00A0C91BC942}") = "triple", "triple\triple.vcxproj", "{77FB85A9-9668-4A48-9914-00B865E2E584}"
EndProject
Project("{8BC9CEB8-8B4A-11D0-8D11-00A0C91BC942}") = "taking_damage", "taking_damage\taking_damage.vcxproj", "{E6B052D3-FB24-4B27-94F2-1056B4295058}"
EndProject
Project("{8BC9CEB8-8B4A-11D0-8D11-00A0C91BC942}") = "mad_lib", "mad_lib\mad_lib.vcxproj", "{73DC5EFA-AA79-4A8B-893F-AD0DFF9805C1}"
EndProject
Project("{2150E333-8FDC-42A3-9474-1A3956D46DE8}") = "Excercises", "Excercises", "{64075333-D972-4856-BF14-9995C10C64A1}"
EndProject
Project("{8BC9CEB8-8B4A-11D0-8D11-00A0C91BC942}") = "chapter_5", "chapter_5\chapter_5.vcxproj", "{0D14019F-2B85-435D-9FC8-D4E048FF1B36}"
EndProject
Project("{2150E333-8FDC-42A3-9474-1A3956D46DE8}") = "Chapter 6", "Chapter 6", "{6AFA2807-CEB7-4CAA-8198-FCB0D2DDD494}"
EndProject
Project("{8BC9CEB8-8B4A-11D0-8D11-00A0C91BC942}") = "referencing", "referencing\referencing.vcxproj", "{AD1BEF6E-5F27-4518-938F-D82F8CDF6826}"
EndProject
Project("{8BC9CEB8-8B4A-11D0-8D11-00A0C91BC942}") = "swap", "swap\swap.vcxproj", "{253688B2-D821-49BD-BD75-635B742C5CE3}"
EndProject
Project("{8BC9CEB8-8B4A-11D0-8D11-00A0C91BC942}") = "inventory_displayer", "inventory_displayer\inventory_displayer.vcxproj", "{E1F36551-3F00-4321-AA68-017B3918A3A5}"
EndProject
Project("{8BC9CEB8-8B4A-11D0-8D11-00A0C91BC942}") = "inventory_referencer", "inventory_referencer\inventory_referencer.vcxproj", "{C0997B17-88F6-4D96-99A7-A740F9E5F8E2}"
EndProject
Project("{8BC9CEB8-8B4A-11D0-8D11-00A0C91BC942}") = "tic-tac-toe", "tic-tac-toe\tic-tac-toe.vcxproj", "{E712D29F-83AA-4B1A-8228-3425BEBEFD23}"
EndProject
Project("{8BC9CEB8-8B4A-11D0-8D11-00A0C91BC942}") = "chapter_6", "chapter_6\chapter_6.vcxproj", "{93D898E6-EDFC-41E6-B9FF-A04A1271C6D9}"
EndProject
Project("{2150E333-8FDC-42A3-9474-1A3956D46DE8}") = "Chapter 7", "Chapter 7", "{274E11D9-8A7C-44AD-A604-9DDD1AC31F08}"
EndProject
Project("{8BC9CEB8-8B4A-11D0-8D11-00A0C91BC942}") = "pointing", "pointing\pointing.vcxproj", "{8C1BD856-6D23-4FB0-B79D-D794E396D09C}"
EndProject
Project("{8BC9CEB8-8B4A-11D0-8D11-00A0C91BC942}") = "swap_pointer_ver", "swap_pointer_ver\swap_pointer_ver.vcxproj", "{BD6DCD02-A1BF-45BA-B835-496019027AD3}"
EndProject
Project("{8BC9CEB8-8B4A-11D0-8D11-00A0C91BC942}") = "inventory_pointer", "inventory_pointer\inventory_pointer.vcxproj", "{1B00C8EF-5F4D-432C-819D-C5873A6ADA8A}"
EndProject
Project("{8BC9CEB8-8B4A-11D0-8D11-00A0C91BC942}") = "array_passer", "array_passer\array_passer.vcxproj", "{F6BE0C0D-727A-4E5B-B54B-096768D425EC}"
EndProject
Project("{8BC9CEB8-8B4A-11D0-8D11-00A0C91BC942}") = "tic-tac-toe2", "tic-tac-toe2\tic-tac-toe2.vcxproj", "{87203E39-9E25-40F2-9C1A-6D6545626254}"
EndProject
Project("{8BC9CEB8-8B4A-11D0-8D11-00A0C91BC942}") = "chapter_7", "chapter_7\chapter_7.vcxproj", "{F3D04D51-12DF-48DA-A775-C82BF10F6F89}"
EndProject
Project("{2150E333-8FDC-42A3-9474-1A3956D46DE8}") = "Chapter 8", "Chapter 8", "{9ED83BCD-0E2E-4D6E-BAB4-0B9FE2E22F3B}"
EndProject
Project("{8BC9CEB8-8B4A-11D0-8D11-00A0C91BC942}") = "simple_critter", "simple_critter\simple_critter.vcxproj", "{DB03666F-6401-4D2C-8C8A-BAEF31E68A92}"
EndProject
Project("{8BC9CEB8-8B4A-11D0-8D11-00A0C91BC942}") = "constructor_critter", "constructor_critter\constructor_critter.vcxproj", "{B711E958-A319-41A5-BABC-30F0E71E3FC0}"
EndProject
Project("{8BC9CEB8-8B4A-11D0-8D11-00A0C91BC942}") = "private_critter", "private_critter\private_critter.vcxproj", "{D88F8DD8-4A94-4C1C-BDE8-32279E031EF0}"
EndProject
Project("{8BC9CEB8-8B4A-11D0-8D11-00A0C91BC942}") = "static_critter", "static_critter\static_critter.vcxproj", "{999D2536-1245-4AB4-ADED-BD8362CB88A2}"
EndProject
Project("{8BC9CEB8-8B4A-11D0-8D11-00A0C91BC942}") = "critter_caretaker", "critter_caretaker\critter_caretaker.vcxproj", "{F9CA3E85-7F84-4C2B-B746-D6712F2A2070}"
EndProject
Global
	GlobalSection(SolutionConfigurationPlatforms) = preSolution
		Debug|x64 = Debug|x64
		Debug|x86 = Debug|x86
		Release|x64 = Release|x64
		Release|x86 = Release|x86
	EndGlobalSection
	GlobalSection(ProjectConfigurationPlatforms) = postSolution
		{5046E85D-6E25-4064-90D9-0D2247DF243E}.Debug|x64.ActiveCfg = Debug|x64
		{5046E85D-6E25-4064-90D9-0D2247DF243E}.Debug|x64.Build.0 = Debug|x64
		{5046E85D-6E25-4064-90D9-0D2247DF243E}.Debug|x86.ActiveCfg = Debug|Win32
		{5046E85D-6E25-4064-90D9-0D2247DF243E}.Debug|x86.Build.0 = Debug|Win32
		{5046E85D-6E25-4064-90D9-0D2247DF243E}.Release|x64.ActiveCfg = Release|x64
		{5046E85D-6E25-4064-90D9-0D2247DF243E}.Release|x64.Build.0 = Release|x64
		{5046E85D-6E25-4064-90D9-0D2247DF243E}.Release|x86.ActiveCfg = Release|Win32
		{5046E85D-6E25-4064-90D9-0D2247DF243E}.Release|x86.Build.0 = Release|Win32
		{2036E5F8-58B2-4AF8-A972-A1EF881F21ED}.Debug|x64.ActiveCfg = Debug|x64
		{2036E5F8-58B2-4AF8-A972-A1EF881F21ED}.Debug|x64.Build.0 = Debug|x64
		{2036E5F8-58B2-4AF8-A972-A1EF881F21ED}.Debug|x86.ActiveCfg = Debug|Win32
		{2036E5F8-58B2-4AF8-A972-A1EF881F21ED}.Debug|x86.Build.0 = Debug|Win32
		{2036E5F8-58B2-4AF8-A972-A1EF881F21ED}.Release|x64.ActiveCfg = Release|x64
		{2036E5F8-58B2-4AF8-A972-A1EF881F21ED}.Release|x64.Build.0 = Release|x64
		{2036E5F8-58B2-4AF8-A972-A1EF881F21ED}.Release|x86.ActiveCfg = Release|Win32
		{2036E5F8-58B2-4AF8-A972-A1EF881F21ED}.Release|x86.Build.0 = Release|Win32
		{2E4B5061-BF38-4020-84F0-6B388B622A3C}.Debug|x64.ActiveCfg = Debug|x64
		{2E4B5061-BF38-4020-84F0-6B388B622A3C}.Debug|x64.Build.0 = Debug|x64
		{2E4B5061-BF38-4020-84F0-6B388B622A3C}.Debug|x86.ActiveCfg = Debug|Win32
		{2E4B5061-BF38-4020-84F0-6B388B622A3C}.Debug|x86.Build.0 = Debug|Win32
		{2E4B5061-BF38-4020-84F0-6B388B622A3C}.Release|x64.ActiveCfg = Release|x64
		{2E4B5061-BF38-4020-84F0-6B388B622A3C}.Release|x64.Build.0 = Release|x64
		{2E4B5061-BF38-4020-84F0-6B388B622A3C}.Release|x86.ActiveCfg = Release|Win32
		{2E4B5061-BF38-4020-84F0-6B388B622A3C}.Release|x86.Build.0 = Release|Win32
		{A52892EB-2E08-442A-A373-EDC1A9125544}.Debug|x64.ActiveCfg = Debug|x64
		{A52892EB-2E08-442A-A373-EDC1A9125544}.Debug|x64.Build.0 = Debug|x64
		{A52892EB-2E08-442A-A373-EDC1A9125544}.Debug|x86.ActiveCfg = Debug|Win32
		{A52892EB-2E08-442A-A373-EDC1A9125544}.Debug|x86.Build.0 = Debug|Win32
		{A52892EB-2E08-442A-A373-EDC1A9125544}.Release|x64.ActiveCfg = Release|x64
		{A52892EB-2E08-442A-A373-EDC1A9125544}.Release|x64.Build.0 = Release|x64
		{A52892EB-2E08-442A-A373-EDC1A9125544}.Release|x86.ActiveCfg = Release|Win32
		{A52892EB-2E08-442A-A373-EDC1A9125544}.Release|x86.Build.0 = Release|Win32
		{A108A180-D3A9-46C8-A9FC-062CB0A8621F}.Debug|x64.ActiveCfg = Debug|x64
		{A108A180-D3A9-46C8-A9FC-062CB0A8621F}.Debug|x64.Build.0 = Debug|x64
		{A108A180-D3A9-46C8-A9FC-062CB0A8621F}.Debug|x86.ActiveCfg = Debug|Win32
		{A108A180-D3A9-46C8-A9FC-062CB0A8621F}.Debug|x86.Build.0 = Debug|Win32
		{A108A180-D3A9-46C8-A9FC-062CB0A8621F}.Release|x64.ActiveCfg = Release|x64
		{A108A180-D3A9-46C8-A9FC-062CB0A8621F}.Release|x64.Build.0 = Release|x64
		{A108A180-D3A9-46C8-A9FC-062CB0A8621F}.Release|x86.ActiveCfg = Release|Win32
		{A108A180-D3A9-46C8-A9FC-062CB0A8621F}.Release|x86.Build.0 = Release|Win32
		{68A2B896-53DF-41C2-AAB5-72EA7EFDF638}.Debug|x64.ActiveCfg = Debug|x64
		{68A2B896-53DF-41C2-AAB5-72EA7EFDF638}.Debug|x64.Build.0 = Debug|x64
		{68A2B896-53DF-41C2-AAB5-72EA7EFDF638}.Debug|x86.ActiveCfg = Debug|Win32
		{68A2B896-53DF-41C2-AAB5-72EA7EFDF638}.Debug|x86.Build.0 = Debug|Win32
		{68A2B896-53DF-41C2-AAB5-72EA7EFDF638}.Release|x64.ActiveCfg = Release|x64
		{68A2B896-53DF-41C2-AAB5-72EA7EFDF638}.Release|x64.Build.0 = Release|x64
		{68A2B896-53DF-41C2-AAB5-72EA7EFDF638}.Release|x86.ActiveCfg = Release|Win32
		{68A2B896-53DF-41C2-AAB5-72EA7EFDF638}.Release|x86.Build.0 = Release|Win32
		{7EB00F1E-E4E5-4F6B-97F7-D7FA610C664D}.Debug|x64.ActiveCfg = Debug|x64
		{7EB00F1E-E4E5-4F6B-97F7-D7FA610C664D}.Debug|x64.Build.0 = Debug|x64
		{7EB00F1E-E4E5-4F6B-97F7-D7FA610C664D}.Debug|x86.ActiveCfg = Debug|Win32
		{7EB00F1E-E4E5-4F6B-97F7-D7FA610C664D}.Debug|x86.Build.0 = Debug|Win32
		{7EB00F1E-E4E5-4F6B-97F7-D7FA610C664D}.Release|x64.ActiveCfg = Release|x64
		{7EB00F1E-E4E5-4F6B-97F7-D7FA610C664D}.Release|x64.Build.0 = Release|x64
		{7EB00F1E-E4E5-4F6B-97F7-D7FA610C664D}.Release|x86.ActiveCfg = Release|Win32
		{7EB00F1E-E4E5-4F6B-97F7-D7FA610C664D}.Release|x86.Build.0 = Release|Win32
		{8784BAC2-619C-4307-A821-CE4D8869E495}.Debug|x64.ActiveCfg = Debug|x64
		{8784BAC2-619C-4307-A821-CE4D8869E495}.Debug|x64.Build.0 = Debug|x64
		{8784BAC2-619C-4307-A821-CE4D8869E495}.Debug|x86.ActiveCfg = Debug|Win32
		{8784BAC2-619C-4307-A821-CE4D8869E495}.Debug|x86.Build.0 = Debug|Win32
		{8784BAC2-619C-4307-A821-CE4D8869E495}.Release|x64.ActiveCfg = Release|x64
		{8784BAC2-619C-4307-A821-CE4D8869E495}.Release|x64.Build.0 = Release|x64
		{8784BAC2-619C-4307-A821-CE4D8869E495}.Release|x86.ActiveCfg = Release|Win32
		{8784BAC2-619C-4307-A821-CE4D8869E495}.Release|x86.Build.0 = Release|Win32
		{D98E3B01-6A6B-4BF0-A28A-9D6515F93DDF}.Debug|x64.ActiveCfg = Debug|x64
		{D98E3B01-6A6B-4BF0-A28A-9D6515F93DDF}.Debug|x64.Build.0 = Debug|x64
		{D98E3B01-6A6B-4BF0-A28A-9D6515F93DDF}.Debug|x86.ActiveCfg = Debug|Win32
		{D98E3B01-6A6B-4BF0-A28A-9D6515F93DDF}.Debug|x86.Build.0 = Debug|Win32
		{D98E3B01-6A6B-4BF0-A28A-9D6515F93DDF}.Release|x64.ActiveCfg = Release|x64
		{D98E3B01-6A6B-4BF0-A28A-9D6515F93DDF}.Release|x64.Build.0 = Release|x64
		{D98E3B01-6A6B-4BF0-A28A-9D6515F93DDF}.Release|x86.ActiveCfg = Release|Win32
		{D98E3B01-6A6B-4BF0-A28A-9D6515F93DDF}.Release|x86.Build.0 = Release|Win32
		{95B48FEF-AA27-4CB5-B15C-9A05D5A631E8}.Debug|x64.ActiveCfg = Debug|x64
		{95B48FEF-AA27-4CB5-B15C-9A05D5A631E8}.Debug|x64.Build.0 = Debug|x64
		{95B48FEF-AA27-4CB5-B15C-9A05D5A631E8}.Debug|x86.ActiveCfg = Debug|Win32
		{95B48FEF-AA27-4CB5-B15C-9A05D5A631E8}.Debug|x86.Build.0 = Debug|Win32
		{95B48FEF-AA27-4CB5-B15C-9A05D5A631E8}.Release|x64.ActiveCfg = Release|x64
		{95B48FEF-AA27-4CB5-B15C-9A05D5A631E8}.Release|x64.Build.0 = Release|x64
		{95B48FEF-AA27-4CB5-B15C-9A05D5A631E8}.Release|x86.ActiveCfg = Release|Win32
		{95B48FEF-AA27-4CB5-B15C-9A05D5A631E8}.Release|x86.Build.0 = Release|Win32
		{5FCD1E4E-5947-496A-BE04-6EC803547178}.Debug|x64.ActiveCfg = Debug|x64
		{5FCD1E4E-5947-496A-BE04-6EC803547178}.Debug|x64.Build.0 = Debug|x64
		{5FCD1E4E-5947-496A-BE04-6EC803547178}.Debug|x86.ActiveCfg = Debug|Win32
		{5FCD1E4E-5947-496A-BE04-6EC803547178}.Debug|x86.Build.0 = Debug|Win32
		{5FCD1E4E-5947-496A-BE04-6EC803547178}.Release|x64.ActiveCfg = Release|x64
		{5FCD1E4E-5947-496A-BE04-6EC803547178}.Release|x64.Build.0 = Release|x64
		{5FCD1E4E-5947-496A-BE04-6EC803547178}.Release|x86.ActiveCfg = Release|Win32
		{5FCD1E4E-5947-496A-BE04-6EC803547178}.Release|x86.Build.0 = Release|Win32
		{530C76E1-FBAA-4937-A1A9-25B1C6A5D303}.Debug|x64.ActiveCfg = Debug|x64
		{530C76E1-FBAA-4937-A1A9-25B1C6A5D303}.Debug|x64.Build.0 = Debug|x64
		{530C76E1-FBAA-4937-A1A9-25B1C6A5D303}.Debug|x86.ActiveCfg = Debug|Win32
		{530C76E1-FBAA-4937-A1A9-25B1C6A5D303}.Debug|x86.Build.0 = Debug|Win32
		{530C76E1-FBAA-4937-A1A9-25B1C6A5D303}.Release|x64.ActiveCfg = Release|x64
		{530C76E1-FBAA-4937-A1A9-25B1C6A5D303}.Release|x64.Build.0 = Release|x64
		{530C76E1-FBAA-4937-A1A9-25B1C6A5D303}.Release|x86.ActiveCfg = Release|Win32
		{530C76E1-FBAA-4937-A1A9-25B1C6A5D303}.Release|x86.Build.0 = Release|Win32
		{31E68411-66D7-4B3F-B8DE-1709332CE870}.Debug|x64.ActiveCfg = Debug|x64
		{31E68411-66D7-4B3F-B8DE-1709332CE870}.Debug|x64.Build.0 = Debug|x64
		{31E68411-66D7-4B3F-B8DE-1709332CE870}.Debug|x86.ActiveCfg = Debug|Win32
		{31E68411-66D7-4B3F-B8DE-1709332CE870}.Debug|x86.Build.0 = Debug|Win32
		{31E68411-66D7-4B3F-B8DE-1709332CE870}.Release|x64.ActiveCfg = Release|x64
		{31E68411-66D7-4B3F-B8DE-1709332CE870}.Release|x64.Build.0 = Release|x64
		{31E68411-66D7-4B3F-B8DE-1709332CE870}.Release|x86.ActiveCfg = Release|Win32
		{31E68411-66D7-4B3F-B8DE-1709332CE870}.Release|x86.Build.0 = Release|Win32
		{C6D13245-850B-4F38-9C65-9600910D2A86}.Debug|x64.ActiveCfg = Debug|x64
		{C6D13245-850B-4F38-9C65-9600910D2A86}.Debug|x64.Build.0 = Debug|x64
		{C6D13245-850B-4F38-9C65-9600910D2A86}.Debug|x86.ActiveCfg = Debug|Win32
		{C6D13245-850B-4F38-9C65-9600910D2A86}.Debug|x86.Build.0 = Debug|Win32
		{C6D13245-850B-4F38-9C65-9600910D2A86}.Release|x64.ActiveCfg = Release|x64
		{C6D13245-850B-4F38-9C65-9600910D2A86}.Release|x64.Build.0 = Release|x64
		{C6D13245-850B-4F38-9C65-9600910D2A86}.Release|x86.ActiveCfg = Release|Win32
		{C6D13245-850B-4F38-9C65-9600910D2A86}.Release|x86.Build.0 = Release|Win32
		{60CCC4F9-3342-4E84-9109-A30507A00782}.Debug|x64.ActiveCfg = Debug|x64
		{60CCC4F9-3342-4E84-9109-A30507A00782}.Debug|x64.Build.0 = Debug|x64
		{60CCC4F9-3342-4E84-9109-A30507A00782}.Debug|x86.ActiveCfg = Debug|Win32
		{60CCC4F9-3342-4E84-9109-A30507A00782}.Debug|x86.Build.0 = Debug|Win32
		{60CCC4F9-3342-4E84-9109-A30507A00782}.Release|x64.ActiveCfg = Release|x64
		{60CCC4F9-3342-4E84-9109-A30507A00782}.Release|x64.Build.0 = Release|x64
		{60CCC4F9-3342-4E84-9109-A30507A00782}.Release|x86.ActiveCfg = Release|Win32
		{60CCC4F9-3342-4E84-9109-A30507A00782}.Release|x86.Build.0 = Release|Win32
		{8F5B9A60-6FDF-4144-9CC8-4E5BDBEA4534}.Debug|x64.ActiveCfg = Debug|x64
		{8F5B9A60-6FDF-4144-9CC8-4E5BDBEA4534}.Debug|x64.Build.0 = Debug|x64
		{8F5B9A60-6FDF-4144-9CC8-4E5BDBEA4534}.Debug|x86.ActiveCfg = Debug|Win32
		{8F5B9A60-6FDF-4144-9CC8-4E5BDBEA4534}.Debug|x86.Build.0 = Debug|Win32
		{8F5B9A60-6FDF-4144-9CC8-4E5BDBEA4534}.Release|x64.ActiveCfg = Release|x64
		{8F5B9A60-6FDF-4144-9CC8-4E5BDBEA4534}.Release|x64.Build.0 = Release|x64
		{8F5B9A60-6FDF-4144-9CC8-4E5BDBEA4534}.Release|x86.ActiveCfg = Release|Win32
		{8F5B9A60-6FDF-4144-9CC8-4E5BDBEA4534}.Release|x86.Build.0 = Release|Win32
		{88CB9C72-DC0F-4ED1-88BA-80FD41A9B15D}.Debug|x64.ActiveCfg = Debug|x64
		{88CB9C72-DC0F-4ED1-88BA-80FD41A9B15D}.Debug|x64.Build.0 = Debug|x64
		{88CB9C72-DC0F-4ED1-88BA-80FD41A9B15D}.Debug|x86.ActiveCfg = Debug|Win32
		{88CB9C72-DC0F-4ED1-88BA-80FD41A9B15D}.Debug|x86.Build.0 = Debug|Win32
		{88CB9C72-DC0F-4ED1-88BA-80FD41A9B15D}.Release|x64.ActiveCfg = Release|x64
		{88CB9C72-DC0F-4ED1-88BA-80FD41A9B15D}.Release|x64.Build.0 = Release|x64
		{88CB9C72-DC0F-4ED1-88BA-80FD41A9B15D}.Release|x86.ActiveCfg = Release|Win32
		{88CB9C72-DC0F-4ED1-88BA-80FD41A9B15D}.Release|x86.Build.0 = Release|Win32
		{E5705C44-FBF2-4EF5-9239-AE43F919703D}.Debug|x64.ActiveCfg = Debug|x64
		{E5705C44-FBF2-4EF5-9239-AE43F919703D}.Debug|x64.Build.0 = Debug|x64
		{E5705C44-FBF2-4EF5-9239-AE43F919703D}.Debug|x86.ActiveCfg = Debug|Win32
		{E5705C44-FBF2-4EF5-9239-AE43F919703D}.Debug|x86.Build.0 = Debug|Win32
		{E5705C44-FBF2-4EF5-9239-AE43F919703D}.Release|x64.ActiveCfg = Release|x64
		{E5705C44-FBF2-4EF5-9239-AE43F919703D}.Release|x64.Build.0 = Release|x64
		{E5705C44-FBF2-4EF5-9239-AE43F919703D}.Release|x86.ActiveCfg = Release|Win32
		{E5705C44-FBF2-4EF5-9239-AE43F919703D}.Release|x86.Build.0 = Release|Win32
		{FB69E328-BBC9-434F-9F08-C7562272C05A}.Debug|x64.ActiveCfg = Debug|x64
		{FB69E328-BBC9-434F-9F08-C7562272C05A}.Debug|x64.Build.0 = Debug|x64
		{FB69E328-BBC9-434F-9F08-C7562272C05A}.Debug|x86.ActiveCfg = Debug|Win32
		{FB69E328-BBC9-434F-9F08-C7562272C05A}.Debug|x86.Build.0 = Debug|Win32
		{FB69E328-BBC9-434F-9F08-C7562272C05A}.Release|x64.ActiveCfg = Release|x64
		{FB69E328-BBC9-434F-9F08-C7562272C05A}.Release|x64.Build.0 = Release|x64
		{FB69E328-BBC9-434F-9F08-C7562272C05A}.Release|x86.ActiveCfg = Release|Win32
		{FB69E328-BBC9-434F-9F08-C7562272C05A}.Release|x86.Build.0 = Release|Win32
		{187A11BA-DC7E-48EB-AF0C-CB9E51EE80E6}.Debug|x64.ActiveCfg = Debug|x64
		{187A11BA-DC7E-48EB-AF0C-CB9E51EE80E6}.Debug|x64.Build.0 = Debug|x64
		{187A11BA-DC7E-48EB-AF0C-CB9E51EE80E6}.Debug|x86.ActiveCfg = Debug|Win32
		{187A11BA-DC7E-48EB-AF0C-CB9E51EE80E6}.Debug|x86.Build.0 = Debug|Win32
		{187A11BA-DC7E-48EB-AF0C-CB9E51EE80E6}.Release|x64.ActiveCfg = Release|x64
		{187A11BA-DC7E-48EB-AF0C-CB9E51EE80E6}.Release|x64.Build.0 = Release|x64
		{187A11BA-DC7E-48EB-AF0C-CB9E51EE80E6}.Release|x86.ActiveCfg = Release|Win32
		{187A11BA-DC7E-48EB-AF0C-CB9E51EE80E6}.Release|x86.Build.0 = Release|Win32
		{65053484-B8DD-44E6-B7D4-A48F40678198}.Debug|x64.ActiveCfg = Debug|x64
		{65053484-B8DD-44E6-B7D4-A48F40678198}.Debug|x64.Build.0 = Debug|x64
		{65053484-B8DD-44E6-B7D4-A48F40678198}.Debug|x86.ActiveCfg = Debug|Win32
		{65053484-B8DD-44E6-B7D4-A48F40678198}.Debug|x86.Build.0 = Debug|Win32
		{65053484-B8DD-44E6-B7D4-A48F40678198}.Release|x64.ActiveCfg = Release|x64
		{65053484-B8DD-44E6-B7D4-A48F40678198}.Release|x64.Build.0 = Release|x64
		{65053484-B8DD-44E6-B7D4-A48F40678198}.Release|x86.ActiveCfg = Release|Win32
		{65053484-B8DD-44E6-B7D4-A48F40678198}.Release|x86.Build.0 = Release|Win32
		{49D31EB0-6B1E-42B2-817E-4EF829233474}.Debug|x64.ActiveCfg = Debug|x64
		{49D31EB0-6B1E-42B2-817E-4EF829233474}.Debug|x64.Build.0 = Debug|x64
		{49D31EB0-6B1E-42B2-817E-4EF829233474}.Debug|x86.ActiveCfg = Debug|Win32
		{49D31EB0-6B1E-42B2-817E-4EF829233474}.Debug|x86.Build.0 = Debug|Win32
		{49D31EB0-6B1E-42B2-817E-4EF829233474}.Release|x64.ActiveCfg = Release|x64
		{49D31EB0-6B1E-42B2-817E-4EF829233474}.Release|x64.Build.0 = Release|x64
		{49D31EB0-6B1E-42B2-817E-4EF829233474}.Release|x86.ActiveCfg = Release|Win32
		{49D31EB0-6B1E-42B2-817E-4EF829233474}.Release|x86.Build.0 = Release|Win32
		{8EBF815E-9CC0-4A20-A3B5-88223997514F}.Debug|x64.ActiveCfg = Debug|x64
		{8EBF815E-9CC0-4A20-A3B5-88223997514F}.Debug|x64.Build.0 = Debug|x64
		{8EBF815E-9CC0-4A20-A3B5-88223997514F}.Debug|x86.ActiveCfg = Debug|Win32
		{8EBF815E-9CC0-4A20-A3B5-88223997514F}.Debug|x86.Build.0 = Debug|Win32
		{8EBF815E-9CC0-4A20-A3B5-88223997514F}.Release|x64.ActiveCfg = Release|x64
		{8EBF815E-9CC0-4A20-A3B5-88223997514F}.Release|x64.Build.0 = Release|x64
		{8EBF815E-9CC0-4A20-A3B5-88223997514F}.Release|x86.ActiveCfg = Release|Win32
		{8EBF815E-9CC0-4A20-A3B5-88223997514F}.Release|x86.Build.0 = Release|Win32
		{DB180406-EF05-484D-9B5E-AA32F9C435CD}.Debug|x64.ActiveCfg = Debug|x64
		{DB180406-EF05-484D-9B5E-AA32F9C435CD}.Debug|x64.Build.0 = Debug|x64
		{DB180406-EF05-484D-9B5E-AA32F9C435CD}.Debug|x86.ActiveCfg = Debug|Win32
		{DB180406-EF05-484D-9B5E-AA32F9C435CD}.Debug|x86.Build.0 = Debug|Win32
		{DB180406-EF05-484D-9B5E-AA32F9C435CD}.Release|x64.ActiveCfg = Release|x64
		{DB180406-EF05-484D-9B5E-AA32F9C435CD}.Release|x64.Build.0 = Release|x64
		{DB180406-EF05-484D-9B5E-AA32F9C435CD}.Release|x86.ActiveCfg = Release|Win32
		{DB180406-EF05-484D-9B5E-AA32F9C435CD}.Release|x86.Build.0 = Release|Win32
		{407570B1-EF30-4A9B-98C2-3FFA0AAF5EE9}.Debug|x64.ActiveCfg = Debug|x64
		{407570B1-EF30-4A9B-98C2-3FFA0AAF5EE9}.Debug|x64.Build.0 = Debug|x64
		{407570B1-EF30-4A9B-98C2-3FFA0AAF5EE9}.Debug|x86.ActiveCfg = Debug|Win32
		{407570B1-EF30-4A9B-98C2-3FFA0AAF5EE9}.Debug|x86.Build.0 = Debug|Win32
		{407570B1-EF30-4A9B-98C2-3FFA0AAF5EE9}.Release|x64.ActiveCfg = Release|x64
		{407570B1-EF30-4A9B-98C2-3FFA0AAF5EE9}.Release|x64.Build.0 = Release|x64
		{407570B1-EF30-4A9B-98C2-3FFA0AAF5EE9}.Release|x86.ActiveCfg = Release|Win32
		{407570B1-EF30-4A9B-98C2-3FFA0AAF5EE9}.Release|x86.Build.0 = Release|Win32
		{CC33C060-F6F0-4DD9-A856-2843B761F046}.Debug|x64.ActiveCfg = Debug|x64
		{CC33C060-F6F0-4DD9-A856-2843B761F046}.Debug|x64.Build.0 = Debug|x64
		{CC33C060-F6F0-4DD9-A856-2843B761F046}.Debug|x86.ActiveCfg = Debug|Win32
		{CC33C060-F6F0-4DD9-A856-2843B761F046}.Debug|x86.Build.0 = Debug|Win32
		{CC33C060-F6F0-4DD9-A856-2843B761F046}.Release|x64.ActiveCfg = Release|x64
		{CC33C060-F6F0-4DD9-A856-2843B761F046}.Release|x64.Build.0 = Release|x64
		{CC33C060-F6F0-4DD9-A856-2843B761F046}.Release|x86.ActiveCfg = Release|Win32
		{CC33C060-F6F0-4DD9-A856-2843B761F046}.Release|x86.Build.0 = Release|Win32
		{5DE7D6BE-9B0A-4BE7-BE68-3301F1F989C0}.Debug|x64.ActiveCfg = Debug|x64
		{5DE7D6BE-9B0A-4BE7-BE68-3301F1F989C0}.Debug|x64.Build.0 = Debug|x64
		{5DE7D6BE-9B0A-4BE7-BE68-3301F1F989C0}.Debug|x86.ActiveCfg = Debug|Win32
		{5DE7D6BE-9B0A-4BE7-BE68-3301F1F989C0}.Debug|x86.Build.0 = Debug|Win32
		{5DE7D6BE-9B0A-4BE7-BE68-3301F1F989C0}.Release|x64.ActiveCfg = Release|x64
		{5DE7D6BE-9B0A-4BE7-BE68-3301F1F989C0}.Release|x64.Build.0 = Release|x64
		{5DE7D6BE-9B0A-4BE7-BE68-3301F1F989C0}.Release|x86.ActiveCfg = Release|Win32
		{5DE7D6BE-9B0A-4BE7-BE68-3301F1F989C0}.Release|x86.Build.0 = Release|Win32
		{A90EE88E-795F-4498-AEFD-9B90F120CF76}.Debug|x64.ActiveCfg = Debug|x64
		{A90EE88E-795F-4498-AEFD-9B90F120CF76}.Debug|x64.Build.0 = Debug|x64
		{A90EE88E-795F-4498-AEFD-9B90F120CF76}.Debug|x86.ActiveCfg = Debug|Win32
		{A90EE88E-795F-4498-AEFD-9B90F120CF76}.Debug|x86.Build.0 = Debug|Win32
		{A90EE88E-795F-4498-AEFD-9B90F120CF76}.Release|x64.ActiveCfg = Release|x64
		{A90EE88E-795F-4498-AEFD-9B90F120CF76}.Release|x64.Build.0 = Release|x64
		{A90EE88E-795F-4498-AEFD-9B90F120CF76}.Release|x86.ActiveCfg = Release|Win32
		{A90EE88E-795F-4498-AEFD-9B90F120CF76}.Release|x86.Build.0 = Release|Win32
		{C0C12396-4218-460F-9022-24E9C4ED68B0}.Debug|x64.ActiveCfg = Debug|x64
		{C0C12396-4218-460F-9022-24E9C4ED68B0}.Debug|x64.Build.0 = Debug|x64
		{C0C12396-4218-460F-9022-24E9C4ED68B0}.Debug|x86.ActiveCfg = Debug|Win32
		{C0C12396-4218-460F-9022-24E9C4ED68B0}.Debug|x86.Build.0 = Debug|Win32
		{C0C12396-4218-460F-9022-24E9C4ED68B0}.Release|x64.ActiveCfg = Release|x64
		{C0C12396-4218-460F-9022-24E9C4ED68B0}.Release|x64.Build.0 = Release|x64
		{C0C12396-4218-460F-9022-24E9C4ED68B0}.Release|x86.ActiveCfg = Release|Win32
		{C0C12396-4218-460F-9022-24E9C4ED68B0}.Release|x86.Build.0 = Release|Win32
		{267B11D2-A4FE-4A19-8A47-1E91043F008E}.Debug|x64.ActiveCfg = Debug|x64
		{267B11D2-A4FE-4A19-8A47-1E91043F008E}.Debug|x64.Build.0 = Debug|x64
		{267B11D2-A4FE-4A19-8A47-1E91043F008E}.Debug|x86.ActiveCfg = Debug|Win32
		{267B11D2-A4FE-4A19-8A47-1E91043F008E}.Debug|x86.Build.0 = Debug|Win32
		{267B11D2-A4FE-4A19-8A47-1E91043F008E}.Release|x64.ActiveCfg = Release|x64
		{267B11D2-A4FE-4A19-8A47-1E91043F008E}.Release|x64.Build.0 = Release|x64
		{267B11D2-A4FE-4A19-8A47-1E91043F008E}.Release|x86.ActiveCfg = Release|Win32
		{267B11D2-A4FE-4A19-8A47-1E91043F008E}.Release|x86.Build.0 = Release|Win32
		{E3C9E260-2942-4BF4-9D3A-C7EFF37183D9}.Debug|x64.ActiveCfg = Debug|x64
		{E3C9E260-2942-4BF4-9D3A-C7EFF37183D9}.Debug|x64.Build.0 = Debug|x64
		{E3C9E260-2942-4BF4-9D3A-C7EFF37183D9}.Debug|x86.ActiveCfg = Debug|Win32
		{E3C9E260-2942-4BF4-9D3A-C7EFF37183D9}.Debug|x86.Build.0 = Debug|Win32
		{E3C9E260-2942-4BF4-9D3A-C7EFF37183D9}.Release|x64.ActiveCfg = Release|x64
		{E3C9E260-2942-4BF4-9D3A-C7EFF37183D9}.Release|x64.Build.0 = Release|x64
		{E3C9E260-2942-4BF4-9D3A-C7EFF37183D9}.Release|x86.ActiveCfg = Release|Win32
		{E3C9E260-2942-4BF4-9D3A-C7EFF37183D9}.Release|x86.Build.0 = Release|Win32
		{BA9F26F6-0D71-42AE-8F31-A01658724EC5}.Debug|x64.ActiveCfg = Debug|x64
		{BA9F26F6-0D71-42AE-8F31-A01658724EC5}.Debug|x64.Build.0 = Debug|x64
		{BA9F26F6-0D71-42AE-8F31-A01658724EC5}.Debug|x86.ActiveCfg = Debug|Win32
		{BA9F26F6-0D71-42AE-8F31-A01658724EC5}.Debug|x86.Build.0 = Debug|Win32
		{BA9F26F6-0D71-42AE-8F31-A01658724EC5}.Release|x64.ActiveCfg = Release|x64
		{BA9F26F6-0D71-42AE-8F31-A01658724EC5}.Release|x64.Build.0 = Release|x64
		{BA9F26F6-0D71-42AE-8F31-A01658724EC5}.Release|x86.ActiveCfg = Release|Win32
		{BA9F26F6-0D71-42AE-8F31-A01658724EC5}.Release|x86.Build.0 = Release|Win32
		{D306A11E-991C-4209-B677-22C890194976}.Debug|x64.ActiveCfg = Debug|x64
		{D306A11E-991C-4209-B677-22C890194976}.Debug|x64.Build.0 = Debug|x64
		{D306A11E-991C-4209-B677-22C890194976}.Debug|x86.ActiveCfg = Debug|Win32
		{D306A11E-991C-4209-B677-22C890194976}.Debug|x86.Build.0 = Debug|Win32
		{D306A11E-991C-4209-B677-22C890194976}.Release|x64.ActiveCfg = Release|x64
		{D306A11E-991C-4209-B677-22C890194976}.Release|x64.Build.0 = Release|x64
		{D306A11E-991C-4209-B677-22C890194976}.Release|x86.ActiveCfg = Release|Win32
		{D306A11E-991C-4209-B677-22C890194976}.Release|x86.Build.0 = Release|Win32
		{1EF66109-D0F7-4F1E-A093-7BF2B8A6B926}.Debug|x64.ActiveCfg = Debug|x64
		{1EF66109-D0F7-4F1E-A093-7BF2B8A6B926}.Debug|x64.Build.0 = Debug|x64
		{1EF66109-D0F7-4F1E-A093-7BF2B8A6B926}.Debug|x86.ActiveCfg = Debug|Win32
		{1EF66109-D0F7-4F1E-A093-7BF2B8A6B926}.Debug|x86.Build.0 = Debug|Win32
		{1EF66109-D0F7-4F1E-A093-7BF2B8A6B926}.Release|x64.ActiveCfg = Release|x64
		{1EF66109-D0F7-4F1E-A093-7BF2B8A6B926}.Release|x64.Build.0 = Release|x64
		{1EF66109-D0F7-4F1E-A093-7BF2B8A6B926}.Release|x86.ActiveCfg = Release|Win32
		{1EF66109-D0F7-4F1E-A093-7BF2B8A6B926}.Release|x86.Build.0 = Release|Win32
		{7C4B1148-A1A1-4AF7-9F62-AC353800EB94}.Debug|x64.ActiveCfg = Debug|x64
		{7C4B1148-A1A1-4AF7-9F62-AC353800EB94}.Debug|x64.Build.0 = Debug|x64
		{7C4B1148-A1A1-4AF7-9F62-AC353800EB94}.Debug|x86.ActiveCfg = Debug|Win32
		{7C4B1148-A1A1-4AF7-9F62-AC353800EB94}.Debug|x86.Build.0 = Debug|Win32
		{7C4B1148-A1A1-4AF7-9F62-AC353800EB94}.Release|x64.ActiveCfg = Release|x64
		{7C4B1148-A1A1-4AF7-9F62-AC353800EB94}.Release|x64.Build.0 = Release|x64
		{7C4B1148-A1A1-4AF7-9F62-AC353800EB94}.Release|x86.ActiveCfg = Release|Win32
		{7C4B1148-A1A1-4AF7-9F62-AC353800EB94}.Release|x86.Build.0 = Release|Win32
		{77FB85A9-9668-4A48-9914-00B865E2E584}.Debug|x64.ActiveCfg = Debug|x64
		{77FB85A9-9668-4A48-9914-00B865E2E584}.Debug|x64.Build.0 = Debug|x64
		{77FB85A9-9668-4A48-9914-00B865E2E584}.Debug|x86.ActiveCfg = Debug|Win32
		{77FB85A9-9668-4A48-9914-00B865E2E584}.Debug|x86.Build.0 = Debug|Win32
		{77FB85A9-9668-4A48-9914-00B865E2E584}.Release|x64.ActiveCfg = Release|x64
		{77FB85A9-9668-4A48-9914-00B865E2E584}.Release|x64.Build.0 = Release|x64
		{77FB85A9-9668-4A48-9914-00B865E2E584}.Release|x86.ActiveCfg = Release|Win32
		{77FB85A9-9668-4A48-9914-00B865E2E584}.Release|x86.Build.0 = Release|Win32
		{E6B052D3-FB24-4B27-94F2-1056B4295058}.Debug|x64.ActiveCfg = Debug|x64
		{E6B052D3-FB24-4B27-94F2-1056B4295058}.Debug|x64.Build.0 = Debug|x64
		{E6B052D3-FB24-4B27-94F2-1056B4295058}.Debug|x86.ActiveCfg = Debug|Win32
		{E6B052D3-FB24-4B27-94F2-1056B4295058}.Debug|x86.Build.0 = Debug|Win32
		{E6B052D3-FB24-4B27-94F2-1056B4295058}.Release|x64.ActiveCfg = Release|x64
		{E6B052D3-FB24-4B27-94F2-1056B4295058}.Release|x64.Build.0 = Release|x64
		{E6B052D3-FB24-4B27-94F2-1056B4295058}.Release|x86.ActiveCfg = Release|Win32
		{E6B052D3-FB24-4B27-94F2-1056B4295058}.Release|x86.Build.0 = Release|Win32
		{73DC5EFA-AA79-4A8B-893F-AD0DFF9805C1}.Debug|x64.ActiveCfg = Debug|x64
		{73DC5EFA-AA79-4A8B-893F-AD0DFF9805C1}.Debug|x64.Build.0 = Debug|x64
		{73DC5EFA-AA79-4A8B-893F-AD0DFF9805C1}.Debug|x86.ActiveCfg = Debug|Win32
		{73DC5EFA-AA79-4A8B-893F-AD0DFF9805C1}.Debug|x86.Build.0 = Debug|Win32
		{73DC5EFA-AA79-4A8B-893F-AD0DFF9805C1}.Release|x64.ActiveCfg = Release|x64
		{73DC5EFA-AA79-4A8B-893F-AD0DFF9805C1}.Release|x64.Build.0 = Release|x64
		{73DC5EFA-AA79-4A8B-893F-AD0DFF9805C1}.Release|x86.ActiveCfg = Release|Win32
		{73DC5EFA-AA79-4A8B-893F-AD0DFF9805C1}.Release|x86.Build.0 = Release|Win32
		{0D14019F-2B85-435D-9FC8-D4E048FF1B36}.Debug|x64.ActiveCfg = Debug|x64
		{0D14019F-2B85-435D-9FC8-D4E048FF1B36}.Debug|x64.Build.0 = Debug|x64
		{0D14019F-2B85-435D-9FC8-D4E048FF1B36}.Debug|x86.ActiveCfg = Debug|Win32
		{0D14019F-2B85-435D-9FC8-D4E048FF1B36}.Debug|x86.Build.0 = Debug|Win32
		{0D14019F-2B85-435D-9FC8-D4E048FF1B36}.Release|x64.ActiveCfg = Release|x64
		{0D14019F-2B85-435D-9FC8-D4E048FF1B36}.Release|x64.Build.0 = Release|x64
		{0D14019F-2B85-435D-9FC8-D4E048FF1B36}.Release|x86.ActiveCfg = Release|Win32
		{0D14019F-2B85-435D-9FC8-D4E048FF1B36}.Release|x86.Build.0 = Release|Win32
		{AD1BEF6E-5F27-4518-938F-D82F8CDF6826}.Debug|x64.ActiveCfg = Debug|x64
		{AD1BEF6E-5F27-4518-938F-D82F8CDF6826}.Debug|x64.Build.0 = Debug|x64
		{AD1BEF6E-5F27-4518-938F-D82F8CDF6826}.Debug|x86.ActiveCfg = Debug|Win32
		{AD1BEF6E-5F27-4518-938F-D82F8CDF6826}.Debug|x86.Build.0 = Debug|Win32
		{AD1BEF6E-5F27-4518-938F-D82F8CDF6826}.Release|x64.ActiveCfg = Release|x64
		{AD1BEF6E-5F27-4518-938F-D82F8CDF6826}.Release|x64.Build.0 = Release|x64
		{AD1BEF6E-5F27-4518-938F-D82F8CDF6826}.Release|x86.ActiveCfg = Release|Win32
		{AD1BEF6E-5F27-4518-938F-D82F8CDF6826}.Release|x86.Build.0 = Release|Win32
		{253688B2-D821-49BD-BD75-635B742C5CE3}.Debug|x64.ActiveCfg = Debug|x64
		{253688B2-D821-49BD-BD75-635B742C5CE3}.Debug|x64.Build.0 = Debug|x64
		{253688B2-D821-49BD-BD75-635B742C5CE3}.Debug|x86.ActiveCfg = Debug|Win32
		{253688B2-D821-49BD-BD75-635B742C5CE3}.Debug|x86.Build.0 = Debug|Win32
		{253688B2-D821-49BD-BD75-635B742C5CE3}.Release|x64.ActiveCfg = Release|x64
		{253688B2-D821-49BD-BD75-635B742C5CE3}.Release|x64.Build.0 = Release|x64
		{253688B2-D821-49BD-BD75-635B742C5CE3}.Release|x86.ActiveCfg = Release|Win32
		{253688B2-D821-49BD-BD75-635B742C5CE3}.Release|x86.Build.0 = Release|Win32
		{E1F36551-3F00-4321-AA68-017B3918A3A5}.Debug|x64.ActiveCfg = Debug|x64
		{E1F36551-3F00-4321-AA68-017B3918A3A5}.Debug|x64.Build.0 = Debug|x64
		{E1F36551-3F00-4321-AA68-017B3918A3A5}.Debug|x86.ActiveCfg = Debug|Win32
		{E1F36551-3F00-4321-AA68-017B3918A3A5}.Debug|x86.Build.0 = Debug|Win32
		{E1F36551-3F00-4321-AA68-017B3918A3A5}.Release|x64.ActiveCfg = Release|x64
		{E1F36551-3F00-4321-AA68-017B3918A3A5}.Release|x64.Build.0 = Release|x64
		{E1F36551-3F00-4321-AA68-017B3918A3A5}.Release|x86.ActiveCfg = Release|Win32
		{E1F36551-3F00-4321-AA68-017B3918A3A5}.Release|x86.Build.0 = Release|Win32
		{C0997B17-88F6-4D96-99A7-A740F9E5F8E2}.Debug|x64.ActiveCfg = Debug|x64
		{C0997B17-88F6-4D96-99A7-A740F9E5F8E2}.Debug|x64.Build.0 = Debug|x64
		{C0997B17-88F6-4D96-99A7-A740F9E5F8E2}.Debug|x86.ActiveCfg = Debug|Win32
		{C0997B17-88F6-4D96-99A7-A740F9E5F8E2}.Debug|x86.Build.0 = Debug|Win32
		{C0997B17-88F6-4D96-99A7-A740F9E5F8E2}.Release|x64.ActiveCfg = Release|x64
		{C0997B17-88F6-4D96-99A7-A740F9E5F8E2}.Release|x64.Build.0 = Release|x64
		{C0997B17-88F6-4D96-99A7-A740F9E5F8E2}.Release|x86.ActiveCfg = Release|Win32
		{C0997B17-88F6-4D96-99A7-A740F9E5F8E2}.Release|x86.Build.0 = Release|Win32
		{E712D29F-83AA-4B1A-8228-3425BEBEFD23}.Debug|x64.ActiveCfg = Debug|x64
		{E712D29F-83AA-4B1A-8228-3425BEBEFD23}.Debug|x64.Build.0 = Debug|x64
		{E712D29F-83AA-4B1A-8228-3425BEBEFD23}.Debug|x86.ActiveCfg = Debug|Win32
		{E712D29F-83AA-4B1A-8228-3425BEBEFD23}.Debug|x86.Build.0 = Debug|Win32
		{E712D29F-83AA-4B1A-8228-3425BEBEFD23}.Release|x64.ActiveCfg = Release|x64
		{E712D29F-83AA-4B1A-8228-3425BEBEFD23}.Release|x64.Build.0 = Release|x64
		{E712D29F-83AA-4B1A-8228-3425BEBEFD23}.Release|x86.ActiveCfg = Release|Win32
		{E712D29F-83AA-4B1A-8228-3425BEBEFD23}.Release|x86.Build.0 = Release|Win32
		{93D898E6-EDFC-41E6-B9FF-A04A1271C6D9}.Debug|x64.ActiveCfg = Debug|x64
		{93D898E6-EDFC-41E6-B9FF-A04A1271C6D9}.Debug|x64.Build.0 = Debug|x64
		{93D898E6-EDFC-41E6-B9FF-A04A1271C6D9}.Debug|x86.ActiveCfg = Debug|Win32
		{93D898E6-EDFC-41E6-B9FF-A04A1271C6D9}.Debug|x86.Build.0 = Debug|Win32
		{93D898E6-EDFC-41E6-B9FF-A04A1271C6D9}.Release|x64.ActiveCfg = Release|x64
		{93D898E6-EDFC-41E6-B9FF-A04A1271C6D9}.Release|x64.Build.0 = Release|x64
		{93D898E6-EDFC-41E6-B9FF-A04A1271C6D9}.Release|x86.ActiveCfg = Release|Win32
		{93D898E6-EDFC-41E6-B9FF-A04A1271C6D9}.Release|x86.Build.0 = Release|Win32
		{8C1BD856-6D23-4FB0-B79D-D794E396D09C}.Debug|x64.ActiveCfg = Debug|x64
		{8C1BD856-6D23-4FB0-B79D-D794E396D09C}.Debug|x64.Build.0 = Debug|x64
		{8C1BD856-6D23-4FB0-B79D-D794E396D09C}.Debug|x86.ActiveCfg = Debug|Win32
		{8C1BD856-6D23-4FB0-B79D-D794E396D09C}.Debug|x86.Build.0 = Debug|Win32
		{8C1BD856-6D23-4FB0-B79D-D794E396D09C}.Release|x64.ActiveCfg = Release|x64
		{8C1BD856-6D23-4FB0-B79D-D794E396D09C}.Release|x64.Build.0 = Release|x64
		{8C1BD856-6D23-4FB0-B79D-D794E396D09C}.Release|x86.ActiveCfg = Release|Win32
		{8C1BD856-6D23-4FB0-B79D-D794E396D09C}.Release|x86.Build.0 = Release|Win32
		{BD6DCD02-A1BF-45BA-B835-496019027AD3}.Debug|x64.ActiveCfg = Debug|x64
		{BD6DCD02-A1BF-45BA-B835-496019027AD3}.Debug|x64.Build.0 = Debug|x64
		{BD6DCD02-A1BF-45BA-B835-496019027AD3}.Debug|x86.ActiveCfg = Debug|Win32
		{BD6DCD02-A1BF-45BA-B835-496019027AD3}.Debug|x86.Build.0 = Debug|Win32
		{BD6DCD02-A1BF-45BA-B835-496019027AD3}.Release|x64.ActiveCfg = Release|x64
		{BD6DCD02-A1BF-45BA-B835-496019027AD3}.Release|x64.Build.0 = Release|x64
		{BD6DCD02-A1BF-45BA-B835-496019027AD3}.Release|x86.ActiveCfg = Release|Win32
		{BD6DCD02-A1BF-45BA-B835-496019027AD3}.Release|x86.Build.0 = Release|Win32
		{1B00C8EF-5F4D-432C-819D-C5873A6ADA8A}.Debug|x64.ActiveCfg = Debug|x64
		{1B00C8EF-5F4D-432C-819D-C5873A6ADA8A}.Debug|x64.Build.0 = Debug|x64
		{1B00C8EF-5F4D-432C-819D-C5873A6ADA8A}.Debug|x86.ActiveCfg = Debug|Win32
		{1B00C8EF-5F4D-432C-819D-C5873A6ADA8A}.Debug|x86.Build.0 = Debug|Win32
		{1B00C8EF-5F4D-432C-819D-C5873A6ADA8A}.Release|x64.ActiveCfg = Release|x64
		{1B00C8EF-5F4D-432C-819D-C5873A6ADA8A}.Release|x64.Build.0 = Release|x64
		{1B00C8EF-5F4D-432C-819D-C5873A6ADA8A}.Release|x86.ActiveCfg = Release|Win32
		{1B00C8EF-5F4D-432C-819D-C5873A6ADA8A}.Release|x86.Build.0 = Release|Win32
		{F6BE0C0D-727A-4E5B-B54B-096768D425EC}.Debug|x64.ActiveCfg = Debug|x64
		{F6BE0C0D-727A-4E5B-B54B-096768D425EC}.Debug|x64.Build.0 = Debug|x64
		{F6BE0C0D-727A-4E5B-B54B-096768D425EC}.Debug|x86.ActiveCfg = Debug|Win32
		{F6BE0C0D-727A-4E5B-B54B-096768D425EC}.Debug|x86.Build.0 = Debug|Win32
		{F6BE0C0D-727A-4E5B-B54B-096768D425EC}.Release|x64.ActiveCfg = Release|x64
		{F6BE0C0D-727A-4E5B-B54B-096768D425EC}.Release|x64.Build.0 = Release|x64
		{F6BE0C0D-727A-4E5B-B54B-096768D425EC}.Release|x86.ActiveCfg = Release|Win32
		{F6BE0C0D-727A-4E5B-B54B-096768D425EC}.Release|x86.Build.0 = Release|Win32
		{87203E39-9E25-40F2-9C1A-6D6545626254}.Debug|x64.ActiveCfg = Debug|x64
		{87203E39-9E25-40F2-9C1A-6D6545626254}.Debug|x64.Build.0 = Debug|x64
		{87203E39-9E25-40F2-9C1A-6D6545626254}.Debug|x86.ActiveCfg = Debug|Win32
		{87203E39-9E25-40F2-9C1A-6D6545626254}.Debug|x86.Build.0 = Debug|Win32
		{87203E39-9E25-40F2-9C1A-6D6545626254}.Release|x64.ActiveCfg = Release|x64
		{87203E39-9E25-40F2-9C1A-6D6545626254}.Release|x64.Build.0 = Release|x64
		{87203E39-9E25-40F2-9C1A-6D6545626254}.Release|x86.ActiveCfg = Release|Win32
		{87203E39-9E25-40F2-9C1A-6D6545626254}.Release|x86.Build.0 = Release|Win32
		{F3D04D51-12DF-48DA-A775-C82BF10F6F89}.Debug|x64.ActiveCfg = Debug|x64
		{F3D04D51-12DF-48DA-A775-C82BF10F6F89}.Debug|x64.Build.0 = Debug|x64
		{F3D04D51-12DF-48DA-A775-C82BF10F6F89}.Debug|x86.ActiveCfg = Debug|Win32
		{F3D04D51-12DF-48DA-A775-C82BF10F6F89}.Debug|x86.Build.0 = Debug|Win32
		{F3D04D51-12DF-48DA-A775-C82BF10F6F89}.Release|x64.ActiveCfg = Release|x64
		{F3D04D51-12DF-48DA-A775-C82BF10F6F89}.Release|x64.Build.0 = Release|x64
		{F3D04D51-12DF-48DA-A775-C82BF10F6F89}.Release|x86.ActiveCfg = Release|Win32
		{F3D04D51-12DF-48DA-A775-C82BF10F6F89}.Release|x86.Build.0 = Release|Win32
		{DB03666F-6401-4D2C-8C8A-BAEF31E68A92}.Debug|x64.ActiveCfg = Debug|x64
		{DB03666F-6401-4D2C-8C8A-BAEF31E68A92}.Debug|x64.Build.0 = Debug|x64
		{DB03666F-6401-4D2C-8C8A-BAEF31E68A92}.Debug|x86.ActiveCfg = Debug|Win32
		{DB03666F-6401-4D2C-8C8A-BAEF31E68A92}.Debug|x86.Build.0 = Debug|Win32
		{DB03666F-6401-4D2C-8C8A-BAEF31E68A92}.Release|x64.ActiveCfg = Release|x64
		{DB03666F-6401-4D2C-8C8A-BAEF31E68A92}.Release|x64.Build.0 = Release|x64
		{DB03666F-6401-4D2C-8C8A-BAEF31E68A92}.Release|x86.ActiveCfg = Release|Win32
		{DB03666F-6401-4D2C-8C8A-BAEF31E68A92}.Release|x86.Build.0 = Release|Win32
		{B711E958-A319-41A5-BABC-30F0E71E3FC0}.Debug|x64.ActiveCfg = Debug|x64
		{B711E958-A319-41A5-BABC-30F0E71E3FC0}.Debug|x64.Build.0 = Debug|x64
		{B711E958-A319-41A5-BABC-30F0E71E3FC0}.Debug|x86.ActiveCfg = Debug|Win32
		{B711E958-A319-41A5-BABC-30F0E71E3FC0}.Debug|x86.Build.0 = Debug|Win32
		{B711E958-A319-41A5-BABC-30F0E71E3FC0}.Release|x64.ActiveCfg = Release|x64
		{B711E958-A319-41A5-BABC-30F0E71E3FC0}.Release|x64.Build.0 = Release|x64
		{B711E958-A319-41A5-BABC-30F0E71E3FC0}.Release|x86.ActiveCfg = Release|Win32
		{B711E958-A319-41A5-BABC-30F0E71E3FC0}.Release|x86.Build.0 = Release|Win32
		{D88F8DD8-4A94-4C1C-BDE8-32279E031EF0}.Debug|x64.ActiveCfg = Debug|x64
		{D88F8DD8-4A94-4C1C-BDE8-32279E031EF0}.Debug|x64.Build.0 = Debug|x64
		{D88F8DD8-4A94-4C1C-BDE8-32279E031EF0}.Debug|x86.ActiveCfg = Debug|Win32
		{D88F8DD8-4A94-4C1C-BDE8-32279E031EF0}.Debug|x86.Build.0 = Debug|Win32
		{D88F8DD8-4A94-4C1C-BDE8-32279E031EF0}.Release|x64.ActiveCfg = Release|x64
		{D88F8DD8-4A94-4C1C-BDE8-32279E031EF0}.Release|x64.Build.0 = Release|x64
		{D88F8DD8-4A94-4C1C-BDE8-32279E031EF0}.Release|x86.ActiveCfg = Release|Win32
		{D88F8DD8-4A94-4C1C-BDE8-32279E031EF0}.Release|x86.Build.0 = Release|Win32
		{999D2536-1245-4AB4-ADED-BD8362CB88A2}.Debug|x64.ActiveCfg = Debug|x64
		{999D2536-1245-4AB4-ADED-BD8362CB88A2}.Debug|x64.Build.0 = Debug|x64
		{999D2536-1245-4AB4-ADED-BD8362CB88A2}.Debug|x86.ActiveCfg = Debug|Win32
		{999D2536-1245-4AB4-ADED-BD8362CB88A2}.Debug|x86.Build.0 = Debug|Win32
		{999D2536-1245-4AB4-ADED-BD8362CB88A2}.Release|x64.ActiveCfg = Release|x64
		{999D2536-1245-4AB4-ADED-BD8362CB88A2}.Release|x64.Build.0 = Release|x64
		{999D2536-1245-4AB4-ADED-BD8362CB88A2}.Release|x86.ActiveCfg = Release|Win32
		{999D2536-1245-4AB4-ADED-BD8362CB88A2}.Release|x86.Build.0 = Release|Win32
		{F9CA3E85-7F84-4C2B-B746-D6712F2A2070}.Debug|x64.ActiveCfg = Debug|x64
		{F9CA3E85-7F84-4C2B-B746-D6712F2A2070}.Debug|x64.Build.0 = Debug|x64
		{F9CA3E85-7F84-4C2B-B746-D6712F2A2070}.Debug|x86.ActiveCfg = Debug|Win32
		{F9CA3E85-7F84-4C2B-B746-D6712F2A2070}.Debug|x86.Build.0 = Debug|Win32
		{F9CA3E85-7F84-4C2B-B746-D6712F2A2070}.Release|x64.ActiveCfg = Release|x64
		{F9CA3E85-7F84-4C2B-B746-D6712F2A2070}.Release|x64.Build.0 = Release|x64
		{F9CA3E85-7F84-4C2B-B746-D6712F2A2070}.Release|x86.ActiveCfg = Release|Win32
		{F9CA3E85-7F84-4C2B-B746-D6712F2A2070}.Release|x86.Build.0 = Release|Win32
	EndGlobalSection
	GlobalSection(SolutionProperties) = preSolution
		HideSolutionNode = FALSE
	EndGlobalSection
	GlobalSection(NestedProjects) = preSolution
		{D306A11E-991C-4209-B677-22C890194976} = {5C98DF23-BAA7-46F5-B5A0-78697DBF9FF6}
		{1EF66109-D0F7-4F1E-A093-7BF2B8A6B926} = {5C98DF23-BAA7-46F5-B5A0-78697DBF9FF6}
		{7C4B1148-A1A1-4AF7-9F62-AC353800EB94} = {5C98DF23-BAA7-46F5-B5A0-78697DBF9FF6}
		{77FB85A9-9668-4A48-9914-00B865E2E584} = {5C98DF23-BAA7-46F5-B5A0-78697DBF9FF6}
		{E6B052D3-FB24-4B27-94F2-1056B4295058} = {5C98DF23-BAA7-46F5-B5A0-78697DBF9FF6}
		{73DC5EFA-AA79-4A8B-893F-AD0DFF9805C1} = {5C98DF23-BAA7-46F5-B5A0-78697DBF9FF6}
		{0D14019F-2B85-435D-9FC8-D4E048FF1B36} = {64075333-D972-4856-BF14-9995C10C64A1}
		{AD1BEF6E-5F27-4518-938F-D82F8CDF6826} = {6AFA2807-CEB7-4CAA-8198-FCB0D2DDD494}
		{253688B2-D821-49BD-BD75-635B742C5CE3} = {6AFA2807-CEB7-4CAA-8198-FCB0D2DDD494}
		{E1F36551-3F00-4321-AA68-017B3918A3A5} = {6AFA2807-CEB7-4CAA-8198-FCB0D2DDD494}
		{C0997B17-88F6-4D96-99A7-A740F9E5F8E2} = {6AFA2807-CEB7-4CAA-8198-FCB0D2DDD494}
		{E712D29F-83AA-4B1A-8228-3425BEBEFD23} = {6AFA2807-CEB7-4CAA-8198-FCB0D2DDD494}
		{93D898E6-EDFC-41E6-B9FF-A04A1271C6D9} = {64075333-D972-4856-BF14-9995C10C64A1}
		{8C1BD856-6D23-4FB0-B79D-D794E396D09C} = {274E11D9-8A7C-44AD-A604-9DDD1AC31F08}
		{BD6DCD02-A1BF-45BA-B835-496019027AD3} = {274E11D9-8A7C-44AD-A604-9DDD1AC31F08}
		{1B00C8EF-5F4D-432C-819D-C5873A6ADA8A} = {274E11D9-8A7C-44AD-A604-9DDD1AC31F08}
		{F6BE0C0D-727A-4E5B-B54B-096768D425EC} = {274E11D9-8A7C-44AD-A604-9DDD1AC31F08}
		{87203E39-9E25-40F2-9C1A-6D6545626254} = {274E11D9-8A7C-44AD-A604-9DDD1AC31F08}
		{F3D04D51-12DF-48DA-A775-C82BF10F6F89} = {64075333-D972-4856-BF14-9995C10C64A1}
		{DB03666F-6401-4D2C-8C8A-BAEF31E68A92} = {9ED83BCD-0E2E-4D6E-BAB4-0B9FE2E22F3B}
		{B711E958-A319-41A5-BABC-30F0E71E3FC0} = {9ED83BCD-0E2E-4D6E-BAB4-0B9FE2E22F3B}
		{D88F8DD8-4A94-4C1C-BDE8-32279E031EF0} = {9ED83BCD-0E2E-4D6E-BAB4-0B9FE2E22F3B}
		{999D2536-1245-4AB4-ADED-BD8362CB88A2} = {9ED83BCD-0E2E-4D6E-BAB4-0B9FE2E22F3B}
		{F9CA3E85-7F84-4C2B-B746-D6712F2A2070} = {9ED83BCD-0E2E-4D6E-BAB4-0B9FE2E22F3B}
	EndGlobalSection
	GlobalSection(ExtensibilityGlobals) = postSolution
		SolutionGuid = {45049A7A-0E05-45A6-9D16-5A4160A48F80}
	EndGlobalSection
EndGlobal
