
Microsoft Visual Studio Solution File, Format Version 12.00
# Visual Studio Version 17
VisualStudioVersion = 17.9.34616.47
MinimumVisualStudioVersion = 10.0.40219.1
Project("{8BC9CEB8-8B4A-11D0-8D11-00A0C91BC942}") = "game_over", "game_over\game_over.vcxproj", "{5046E85D-6E25-4064-90D9-0D2247DF243E}"
EndProject
Project("{8BC9CEB8-8B4A-11D0-8D11-00A0C91BC942}") = "game_over_2_0", "game_over_2_0\game_over_2_0.vcxproj", "{2036E5F8-58B2-4AF8-A972-A1EF881F21ED}"
EndProject
Project("{8BC9CEB8-8B4A-11D0-8D11-00A0C91BC942}") = "game_over_3_0", "game_over_3_0\game_over_3_0.vcxproj", "{2E4B5061-BF38-4020-84F0-6B388B622A3C}"
EndProject
Project("{8BC9CEB8-8B4A-11D0-8D11-00A0C91BC942}") = "expensive_calculator", "expensive_calculator\expensive_calculator.vcxproj", "{A52892EB-2E08-442A-A373-EDC1A9125544}"
EndProject
Project("{8BC9CEB8-8B4A-11D0-8D11-00A0C91BC942}") = "game_stats", "game_stats\game_stats.vcxproj", "{A108A180-D3A9-46C8-A9FC-062CB0A8621F}"
EndProject
Project("{8BC9CEB8-8B4A-11D0-8D11-00A0C91BC942}") = "game_stats_2_0", "game_stats_2_0\game_stats_2_0.vcxproj", "{68A2B896-53DF-41C2-AAB5-72EA7EFDF638}"
EndProject
Project("{8BC9CEB8-8B4A-11D0-8D11-00A0C91BC942}") = "game_stats_3_0", "game_stats_3_0\game_stats_3_0.vcxproj", "{7EB00F1E-E4E5-4F6B-97F7-D7FA610C664D}"
EndProject
Project("{8BC9CEB8-8B4A-11D0-8D11-00A0C91BC942}") = "lost_fortune", "lost_fortune\lost_fortune.vcxproj", "{8784BAC2-619C-4307-A821-CE4D8869E495}"
EndProject
Project("{8BC9CEB8-8B4A-11D0-8D11-00A0C91BC942}") = "score_rater", "score_rater\score_rater.vcxproj", "{D98E3B01-6A6B-4BF0-A28A-9D6515F93DDF}"
EndProject
Project("{8BC9CEB8-8B4A-11D0-8D11-00A0C91BC942}") = "score_rater2", "score_rater2\score_rater2.vcxproj", "{95B48FEF-AA27-4CB5-B15C-9A05D5A631E8}"
EndProject
Project("{8BC9CEB8-8B4A-11D0-8D11-00A0C91BC942}") = "score_rater3", "score_rater3\score_rater3.vcxproj", "{5FCD1E4E-5947-496A-BE04-6EC803547178}"
EndProject
Project("{8BC9CEB8-8B4A-11D0-8D11-00A0C91BC942}") = "menu_chooser", "menu_chooser\menu_chooser.vcxproj", "{530C76E1-FBAA-4937-A1A9-25B1C6A5D303}"
EndProject
Project("{8BC9CEB8-8B4A-11D0-8D11-00A0C91BC942}") = "play_again", "play_again\play_again.vcxproj", "{31E68411-66D7-4B3F-B8DE-1709332CE870}"
EndProject
Project("{8BC9CEB8-8B4A-11D0-8D11-00A0C91BC942}") = "play_again2", "play_again2\play_again2.vcxproj", "{C6D13245-850B-4F38-9C65-9600910D2A86}"
EndProject
Project("{8BC9CEB8-8B4A-11D0-8D11-00A0C91BC942}") = "finicky_counter", "finicky_counter\finicky_counter.vcxproj", "{60CCC4F9-3342-4E84-9109-A30507A00782}"
EndProject
Project("{8BC9CEB8-8B4A-11D0-8D11-00A0C91BC942}") = "designers_network", "designers_network\designers_network.vcxproj", "{8F5B9A60-6FDF-4144-9CC8-4E5BDBEA4534}"
EndProject
Project("{8BC9CEB8-8B4A-11D0-8D11-00A0C91BC942}") = "die_roller", "die_roller\die_roller.vcxproj", "{88CB9C72-DC0F-4ED1-88BA-80FD41A9B15D}"
EndProject
Global
	GlobalSection(SolutionConfigurationPlatforms) = preSolution
		Debug|x64 = Debug|x64
		Debug|x86 = Debug|x86
		Release|x64 = Release|x64
		Release|x86 = Release|x86
	EndGlobalSection
	GlobalSection(ProjectConfigurationPlatforms) = postSolution
		{5046E85D-6E25-4064-90D9-0D2247DF243E}.Debug|x64.ActiveCfg = Debug|x64
		{5046E85D-6E25-4064-90D9-0D2247DF243E}.Debug|x64.Build.0 = Debug|x64
		{5046E85D-6E25-4064-90D9-0D2247DF243E}.Debug|x86.ActiveCfg = Debug|Win32
		{5046E85D-6E25-4064-90D9-0D2247DF243E}.Debug|x86.Build.0 = Debug|Win32
		{5046E85D-6E25-4064-90D9-0D2247DF243E}.Release|x64.ActiveCfg = Release|x64
		{5046E85D-6E25-4064-90D9-0D2247DF243E}.Release|x64.Build.0 = Release|x64
		{5046E85D-6E25-4064-90D9-0D2247DF243E}.Release|x86.ActiveCfg = Release|Win32
		{5046E85D-6E25-4064-90D9-0D2247DF243E}.Release|x86.Build.0 = Release|Win32
		{2036E5F8-58B2-4AF8-A972-A1EF881F21ED}.Debug|x64.ActiveCfg = Debug|x64
		{2036E5F8-58B2-4AF8-A972-A1EF881F21ED}.Debug|x64.Build.0 = Debug|x64
		{2036E5F8-58B2-4AF8-A972-A1EF881F21ED}.Debug|x86.ActiveCfg = Debug|Win32
		{2036E5F8-58B2-4AF8-A972-A1EF881F21ED}.Debug|x86.Build.0 = Debug|Win32
		{2036E5F8-58B2-4AF8-A972-A1EF881F21ED}.Release|x64.ActiveCfg = Release|x64
		{2036E5F8-58B2-4AF8-A972-A1EF881F21ED}.Release|x64.Build.0 = Release|x64
		{2036E5F8-58B2-4AF8-A972-A1EF881F21ED}.Release|x86.ActiveCfg = Release|Win32
		{2036E5F8-58B2-4AF8-A972-A1EF881F21ED}.Release|x86.Build.0 = Release|Win32
		{2E4B5061-BF38-4020-84F0-6B388B622A3C}.Debug|x64.ActiveCfg = Debug|x64
		{2E4B5061-BF38-4020-84F0-6B388B622A3C}.Debug|x64.Build.0 = Debug|x64
		{2E4B5061-BF38-4020-84F0-6B388B622A3C}.Debug|x86.ActiveCfg = Debug|Win32
		{2E4B5061-BF38-4020-84F0-6B388B622A3C}.Debug|x86.Build.0 = Debug|Win32
		{2E4B5061-BF38-4020-84F0-6B388B622A3C}.Release|x64.ActiveCfg = Release|x64
		{2E4B5061-BF38-4020-84F0-6B388B622A3C}.Release|x64.Build.0 = Release|x64
		{2E4B5061-BF38-4020-84F0-6B388B622A3C}.Release|x86.ActiveCfg = Release|Win32
		{2E4B5061-BF38-4020-84F0-6B388B622A3C}.Release|x86.Build.0 = Release|Win32
		{A52892EB-2E08-442A-A373-EDC1A9125544}.Debug|x64.ActiveCfg = Debug|x64
		{A52892EB-2E08-442A-A373-EDC1A9125544}.Debug|x64.Build.0 = Debug|x64
		{A52892EB-2E08-442A-A373-EDC1A9125544}.Debug|x86.ActiveCfg = Debug|Win32
		{A52892EB-2E08-442A-A373-EDC1A9125544}.Debug|x86.Build.0 = Debug|Win32
		{A52892EB-2E08-442A-A373-EDC1A9125544}.Release|x64.ActiveCfg = Release|x64
		{A52892EB-2E08-442A-A373-EDC1A9125544}.Release|x64.Build.0 = Release|x64
		{A52892EB-2E08-442A-A373-EDC1A9125544}.Release|x86.ActiveCfg = Release|Win32
		{A52892EB-2E08-442A-A373-EDC1A9125544}.Release|x86.Build.0 = Release|Win32
		{A108A180-D3A9-46C8-A9FC-062CB0A8621F}.Debug|x64.ActiveCfg = Debug|x64
		{A108A180-D3A9-46C8-A9FC-062CB0A8621F}.Debug|x64.Build.0 = Debug|x64
		{A108A180-D3A9-46C8-A9FC-062CB0A8621F}.Debug|x86.ActiveCfg = Debug|Win32
		{A108A180-D3A9-46C8-A9FC-062CB0A8621F}.Debug|x86.Build.0 = Debug|Win32
		{A108A180-D3A9-46C8-A9FC-062CB0A8621F}.Release|x64.ActiveCfg = Release|x64
		{A108A180-D3A9-46C8-A9FC-062CB0A8621F}.Release|x64.Build.0 = Release|x64
		{A108A180-D3A9-46C8-A9FC-062CB0A8621F}.Release|x86.ActiveCfg = Release|Win32
		{A108A180-D3A9-46C8-A9FC-062CB0A8621F}.Release|x86.Build.0 = Release|Win32
		{68A2B896-53DF-41C2-AAB5-72EA7EFDF638}.Debug|x64.ActiveCfg = Debug|x64
		{68A2B896-53DF-41C2-AAB5-72EA7EFDF638}.Debug|x64.Build.0 = Debug|x64
		{68A2B896-53DF-41C2-AAB5-72EA7EFDF638}.Debug|x86.ActiveCfg = Debug|Win32
		{68A2B896-53DF-41C2-AAB5-72EA7EFDF638}.Debug|x86.Build.0 = Debug|Win32
		{68A2B896-53DF-41C2-AAB5-72EA7EFDF638}.Release|x64.ActiveCfg = Release|x64
		{68A2B896-53DF-41C2-AAB5-72EA7EFDF638}.Release|x64.Build.0 = Release|x64
		{68A2B896-53DF-41C2-AAB5-72EA7EFDF638}.Release|x86.ActiveCfg = Release|Win32
		{68A2B896-53DF-41C2-AAB5-72EA7EFDF638}.Release|x86.Build.0 = Release|Win32
		{7EB00F1E-E4E5-4F6B-97F7-D7FA610C664D}.Debug|x64.ActiveCfg = Debug|x64
		{7EB00F1E-E4E5-4F6B-97F7-D7FA610C664D}.Debug|x64.Build.0 = Debug|x64
		{7EB00F1E-E4E5-4F6B-97F7-D7FA610C664D}.Debug|x86.ActiveCfg = Debug|Win32
		{7EB00F1E-E4E5-4F6B-97F7-D7FA610C664D}.Debug|x86.Build.0 = Debug|Win32
		{7EB00F1E-E4E5-4F6B-97F7-D7FA610C664D}.Release|x64.ActiveCfg = Release|x64
		{7EB00F1E-E4E5-4F6B-97F7-D7FA610C664D}.Release|x64.Build.0 = Release|x64
		{7EB00F1E-E4E5-4F6B-97F7-D7FA610C664D}.Release|x86.ActiveCfg = Release|Win32
		{7EB00F1E-E4E5-4F6B-97F7-D7FA610C664D}.Release|x86.Build.0 = Release|Win32
		{8784BAC2-619C-4307-A821-CE4D8869E495}.Debug|x64.ActiveCfg = Debug|x64
		{8784BAC2-619C-4307-A821-CE4D8869E495}.Debug|x64.Build.0 = Debug|x64
		{8784BAC2-619C-4307-A821-CE4D8869E495}.Debug|x86.ActiveCfg = Debug|Win32
		{8784BAC2-619C-4307-A821-CE4D8869E495}.Debug|x86.Build.0 = Debug|Win32
		{8784BAC2-619C-4307-A821-CE4D8869E495}.Release|x64.ActiveCfg = Release|x64
		{8784BAC2-619C-4307-A821-CE4D8869E495}.Release|x64.Build.0 = Release|x64
		{8784BAC2-619C-4307-A821-CE4D8869E495}.Release|x86.ActiveCfg = Release|Win32
		{8784BAC2-619C-4307-A821-CE4D8869E495}.Release|x86.Build.0 = Release|Win32
		{D98E3B01-6A6B-4BF0-A28A-9D6515F93DDF}.Debug|x64.ActiveCfg = Debug|x64
		{D98E3B01-6A6B-4BF0-A28A-9D6515F93DDF}.Debug|x64.Build.0 = Debug|x64
		{D98E3B01-6A6B-4BF0-A28A-9D6515F93DDF}.Debug|x86.ActiveCfg = Debug|Win32
		{D98E3B01-6A6B-4BF0-A28A-9D6515F93DDF}.Debug|x86.Build.0 = Debug|Win32
		{D98E3B01-6A6B-4BF0-A28A-9D6515F93DDF}.Release|x64.ActiveCfg = Release|x64
		{D98E3B01-6A6B-4BF0-A28A-9D6515F93DDF}.Release|x64.Build.0 = Release|x64
		{D98E3B01-6A6B-4BF0-A28A-9D6515F93DDF}.Release|x86.ActiveCfg = Release|Win32
		{D98E3B01-6A6B-4BF0-A28A-9D6515F93DDF}.Release|x86.Build.0 = Release|Win32
		{95B48FEF-AA27-4CB5-B15C-9A05D5A631E8}.Debug|x64.ActiveCfg = Debug|x64
		{95B48FEF-AA27-4CB5-B15C-9A05D5A631E8}.Debug|x64.Build.0 = Debug|x64
		{95B48FEF-AA27-4CB5-B15C-9A05D5A631E8}.Debug|x86.ActiveCfg = Debug|Win32
		{95B48FEF-AA27-4CB5-B15C-9A05D5A631E8}.Debug|x86.Build.0 = Debug|Win32
		{95B48FEF-AA27-4CB5-B15C-9A05D5A631E8}.Release|x64.ActiveCfg = Release|x64
		{95B48FEF-AA27-4CB5-B15C-9A05D5A631E8}.Release|x64.Build.0 = Release|x64
		{95B48FEF-AA27-4CB5-B15C-9A05D5A631E8}.Release|x86.ActiveCfg = Release|Win32
		{95B48FEF-AA27-4CB5-B15C-9A05D5A631E8}.Release|x86.Build.0 = Release|Win32
		{5FCD1E4E-5947-496A-BE04-6EC803547178}.Debug|x64.ActiveCfg = Debug|x64
		{5FCD1E4E-5947-496A-BE04-6EC803547178}.Debug|x64.Build.0 = Debug|x64
		{5FCD1E4E-5947-496A-BE04-6EC803547178}.Debug|x86.ActiveCfg = Debug|Win32
		{5FCD1E4E-5947-496A-BE04-6EC803547178}.Debug|x86.Build.0 = Debug|Win32
		{5FCD1E4E-5947-496A-BE04-6EC803547178}.Release|x64.ActiveCfg = Release|x64
		{5FCD1E4E-5947-496A-BE04-6EC803547178}.Release|x64.Build.0 = Release|x64
		{5FCD1E4E-5947-496A-BE04-6EC803547178}.Release|x86.ActiveCfg = Release|Win32
		{5FCD1E4E-5947-496A-BE04-6EC803547178}.Release|x86.Build.0 = Release|Win32
		{530C76E1-FBAA-4937-A1A9-25B1C6A5D303}.Debug|x64.ActiveCfg = Debug|x64
		{530C76E1-FBAA-4937-A1A9-25B1C6A5D303}.Debug|x64.Build.0 = Debug|x64
		{530C76E1-FBAA-4937-A1A9-25B1C6A5D303}.Debug|x86.ActiveCfg = Debug|Win32
		{530C76E1-FBAA-4937-A1A9-25B1C6A5D303}.Debug|x86.Build.0 = Debug|Win32
		{530C76E1-FBAA-4937-A1A9-25B1C6A5D303}.Release|x64.ActiveCfg = Release|x64
		{530C76E1-FBAA-4937-A1A9-25B1C6A5D303}.Release|x64.Build.0 = Release|x64
		{530C76E1-FBAA-4937-A1A9-25B1C6A5D303}.Release|x86.ActiveCfg = Release|Win32
		{530C76E1-FBAA-4937-A1A9-25B1C6A5D303}.Release|x86.Build.0 = Release|Win32
		{31E68411-66D7-4B3F-B8DE-1709332CE870}.Debug|x64.ActiveCfg = Debug|x64
		{31E68411-66D7-4B3F-B8DE-1709332CE870}.Debug|x64.Build.0 = Debug|x64
		{31E68411-66D7-4B3F-B8DE-1709332CE870}.Debug|x86.ActiveCfg = Debug|Win32
		{31E68411-66D7-4B3F-B8DE-1709332CE870}.Debug|x86.Build.0 = Debug|Win32
		{31E68411-66D7-4B3F-B8DE-1709332CE870}.Release|x64.ActiveCfg = Release|x64
		{31E68411-66D7-4B3F-B8DE-1709332CE870}.Release|x64.Build.0 = Release|x64
		{31E68411-66D7-4B3F-B8DE-1709332CE870}.Release|x86.ActiveCfg = Release|Win32
		{31E68411-66D7-4B3F-B8DE-1709332CE870}.Release|x86.Build.0 = Release|Win32
		{C6D13245-850B-4F38-9C65-9600910D2A86}.Debug|x64.ActiveCfg = Debug|x64
		{C6D13245-850B-4F38-9C65-9600910D2A86}.Debug|x64.Build.0 = Debug|x64
		{C6D13245-850B-4F38-9C65-9600910D2A86}.Debug|x86.ActiveCfg = Debug|Win32
		{C6D13245-850B-4F38-9C65-9600910D2A86}.Debug|x86.Build.0 = Debug|Win32
		{C6D13245-850B-4F38-9C65-9600910D2A86}.Release|x64.ActiveCfg = Release|x64
		{C6D13245-850B-4F38-9C65-9600910D2A86}.Release|x64.Build.0 = Release|x64
		{C6D13245-850B-4F38-9C65-9600910D2A86}.Release|x86.ActiveCfg = Release|Win32
		{C6D13245-850B-4F38-9C65-9600910D2A86}.Release|x86.Build.0 = Release|Win32
		{60CCC4F9-3342-4E84-9109-A30507A00782}.Debug|x64.ActiveCfg = Debug|x64
		{60CCC4F9-3342-4E84-9109-A30507A00782}.Debug|x64.Build.0 = Debug|x64
		{60CCC4F9-3342-4E84-9109-A30507A00782}.Debug|x86.ActiveCfg = Debug|Win32
		{60CCC4F9-3342-4E84-9109-A30507A00782}.Debug|x86.Build.0 = Debug|Win32
		{60CCC4F9-3342-4E84-9109-A30507A00782}.Release|x64.ActiveCfg = Release|x64
		{60CCC4F9-3342-4E84-9109-A30507A00782}.Release|x64.Build.0 = Release|x64
		{60CCC4F9-3342-4E84-9109-A30507A00782}.Release|x86.ActiveCfg = Release|Win32
		{60CCC4F9-3342-4E84-9109-A30507A00782}.Release|x86.Build.0 = Release|Win32
		{8F5B9A60-6FDF-4144-9CC8-4E5BDBEA4534}.Debug|x64.ActiveCfg = Debug|x64
		{8F5B9A60-6FDF-4144-9CC8-4E5BDBEA4534}.Debug|x64.Build.0 = Debug|x64
		{8F5B9A60-6FDF-4144-9CC8-4E5BDBEA4534}.Debug|x86.ActiveCfg = Debug|Win32
		{8F5B9A60-6FDF-4144-9CC8-4E5BDBEA4534}.Debug|x86.Build.0 = Debug|Win32
		{8F5B9A60-6FDF-4144-9CC8-4E5BDBEA4534}.Release|x64.ActiveCfg = Release|x64
		{8F5B9A60-6FDF-4144-9CC8-4E5BDBEA4534}.Release|x64.Build.0 = Release|x64
		{8F5B9A60-6FDF-4144-9CC8-4E5BDBEA4534}.Release|x86.ActiveCfg = Release|Win32
		{8F5B9A60-6FDF-4144-9CC8-4E5BDBEA4534}.Release|x86.Build.0 = Release|Win32
		{88CB9C72-DC0F-4ED1-88BA-80FD41A9B15D}.Debug|x64.ActiveCfg = Debug|x64
		{88CB9C72-DC0F-4ED1-88BA-80FD41A9B15D}.Debug|x64.Build.0 = Debug|x64
		{88CB9C72-DC0F-4ED1-88BA-80FD41A9B15D}.Debug|x86.ActiveCfg = Debug|Win32
		{88CB9C72-DC0F-4ED1-88BA-80FD41A9B15D}.Debug|x86.Build.0 = Debug|Win32
		{88CB9C72-DC0F-4ED1-88BA-80FD41A9B15D}.Release|x64.ActiveCfg = Release|x64
		{88CB9C72-DC0F-4ED1-88BA-80FD41A9B15D}.Release|x64.Build.0 = Release|x64
		{88CB9C72-DC0F-4ED1-88BA-80FD41A9B15D}.Release|x86.ActiveCfg = Release|Win32
		{88CB9C72-DC0F-4ED1-88BA-80FD41A9B15D}.Release|x86.Build.0 = Release|Win32
	EndGlobalSection
	GlobalSection(SolutionProperties) = preSolution
		HideSolutionNode = FALSE
	EndGlobalSection
	GlobalSection(ExtensibilityGlobals) = postSolution
		SolutionGuid = {45049A7A-0E05-45A6-9D16-5A4160A48F80}
	EndGlobalSection
EndGlobal
